
Microsoft Visual Studio Solution File, Format Version 12.00
# Visual Studio 15
VisualStudioVersion = 15.0.27428.2002
MinimumVisualStudioVersion = 10.0.40219.1
Project("{FAE04EC0-301F-11D3-BF4B-00C04F79EFBC}") = "Begin_End_Invoke_Test", "Begin_End_Invoke_Test\Begin_End_Invoke_Test.csproj", "{C026001A-F413-4323-BE01-2BFD8431A797}"
EndProject
Global
	GlobalSection(SolutionConfigurationPlatforms) = preSolution
		Debug|Any CPU = Debug|Any CPU
		Release|Any CPU = Release|Any CPU
	EndGlobalSection
	GlobalSection(ProjectConfigurationPlatforms) = postSolution
		{C026001A-F413-4323-BE01-2BFD8431A797}.Debug|Any CPU.ActiveCfg = Debug|Any CPU
		{C026001A-F413-4323-BE01-2BFD8431A797}.Debug|Any CPU.Build.0 = Debug|Any CPU
		{C026001A-F413-4323-BE01-2BFD8431A797}.Release|Any CPU.ActiveCfg = Release|Any CPU
		{C026001A-F413-4323-BE01-2BFD8431A797}.Release|Any CPU.Build.0 = Release|Any CPU
	EndGlobalSection
	GlobalSection(SolutionProperties) = preSolution
		HideSolutionNode = FALSE
	EndGlobalSection
	GlobalSection(ExtensibilityGlobals) = postSolution
		SolutionGuid = {F00A4445-503D-48EB-85DC-788D5F401DC6}
	EndGlobalSection
EndGlobal
