
Microsoft Visual Studio Solution File, Format Version 12.00
# Visual Studio 2017
Project("{FAE04EC0-301F-11D3-BF4B-00C04F79EFBC}") = "UnityConnectSQLiteDemo", "UnityConnectSQLiteDemo.csproj", "{297A53D4-A953-0C8F-65B6-27DE536614FD}"
EndProject
Global
	GlobalSection(SolutionConfigurationPlatforms) = preSolution
		Debug|Any CPU = Debug|Any CPU
		Release|Any CPU = Release|Any CPU
	EndGlobalSection
	GlobalSection(ProjectConfigurationPlatforms) = postSolution
		{297A53D4-A953-0C8F-65B6-27DE536614FD}.Debug|Any CPU.ActiveCfg = Debug|Any CPU
		{297A53D4-A953-0C8F-65B6-27DE536614FD}.Debug|Any CPU.Build.0 = Debug|Any CPU
		{297A53D4-A953-0C8F-65B6-27DE536614FD}.Release|Any CPU.ActiveCfg = Release|Any CPU
		{297A53D4-A953-0C8F-65B6-27DE536614FD}.Release|Any CPU.Build.0 = Release|Any CPU
	EndGlobalSection
	GlobalSection(SolutionProperties) = preSolution
		HideSolutionNode = FALSE
	EndGlobalSection
EndGlobal
