
Microsoft Visual Studio Solution File, Format Version 12.00
# Visual Studio 2017
Project("{FAE04EC0-301F-11D3-BF4B-00C04F79EFBC}") = "UnityConnectSQLite", "UnityConnectSQLite.csproj", "{5D884592-74E7-B25C-52B1-1DE16338486E}"
EndProject
Global
	GlobalSection(SolutionConfigurationPlatforms) = preSolution
		Debug|Any CPU = Debug|Any CPU
		Release|Any CPU = Release|Any CPU
	EndGlobalSection
	GlobalSection(ProjectConfigurationPlatforms) = postSolution
		{5D884592-74E7-B25C-52B1-1DE16338486E}.Debug|Any CPU.ActiveCfg = Debug|Any CPU
		{5D884592-74E7-B25C-52B1-1DE16338486E}.Debug|Any CPU.Build.0 = Debug|Any CPU
		{5D884592-74E7-B25C-52B1-1DE16338486E}.Release|Any CPU.ActiveCfg = Release|Any CPU
		{5D884592-74E7-B25C-52B1-1DE16338486E}.Release|Any CPU.Build.0 = Release|Any CPU
	EndGlobalSection
	GlobalSection(SolutionProperties) = preSolution
		HideSolutionNode = FALSE
	EndGlobalSection
EndGlobal
