
Microsoft Visual Studio Solution File, Format Version 12.00
# Visual Studio 15
VisualStudioVersion = 15.0.27004.2010
MinimumVisualStudioVersion = 10.0.40219.1
Project("{FAE04EC0-301F-11D3-BF4B-00C04F79EFBC}") = "ExceptionLearn", "ExceptionLearn\ExceptionLearn.csproj", "{189C510B-DC72-44B7-ADB7-1EBDDB7B84C0}"
EndProject
Global
	GlobalSection(SolutionConfigurationPlatforms) = preSolution
		Debug|Any CPU = Debug|Any CPU
		Release|Any CPU = Release|Any CPU
	EndGlobalSection
	GlobalSection(ProjectConfigurationPlatforms) = postSolution
		{189C510B-DC72-44B7-ADB7-1EBDDB7B84C0}.Debug|Any CPU.ActiveCfg = Debug|Any CPU
		{189C510B-DC72-44B7-ADB7-1EBDDB7B84C0}.Debug|Any CPU.Build.0 = Debug|Any CPU
		{189C510B-DC72-44B7-ADB7-1EBDDB7B84C0}.Release|Any CPU.ActiveCfg = Release|Any CPU
		{189C510B-DC72-44B7-ADB7-1EBDDB7B84C0}.Release|Any CPU.Build.0 = Release|Any CPU
	EndGlobalSection
	GlobalSection(SolutionProperties) = preSolution
		HideSolutionNode = FALSE
	EndGlobalSection
	GlobalSection(ExtensibilityGlobals) = postSolution
		SolutionGuid = {201B9A79-05D4-4D39-B499-E95941427A9D}
	EndGlobalSection
EndGlobal
