
Microsoft Visual Studio Solution File, Format Version 12.00
# Visual Studio 15
VisualStudioVersion = 15.0.27428.2002
MinimumVisualStudioVersion = 10.0.40219.1
Project("{FAE04EC0-301F-11D3-BF4B-00C04F79EFBC}") = "BGDefend", "BGDefend\BGDefend.csproj", "{69C5B553-8334-4263-8F66-065A6A78E57A}"
EndProject
Global
	GlobalSection(SolutionConfigurationPlatforms) = preSolution
		Debug|Any CPU = Debug|Any CPU
		Release|Any CPU = Release|Any CPU
	EndGlobalSection
	GlobalSection(ProjectConfigurationPlatforms) = postSolution
		{69C5B553-8334-4263-8F66-065A6A78E57A}.Debug|Any CPU.ActiveCfg = Debug|Any CPU
		{69C5B553-8334-4263-8F66-065A6A78E57A}.Debug|Any CPU.Build.0 = Debug|Any CPU
		{69C5B553-8334-4263-8F66-065A6A78E57A}.Release|Any CPU.ActiveCfg = Release|Any CPU
		{69C5B553-8334-4263-8F66-065A6A78E57A}.Release|Any CPU.Build.0 = Release|Any CPU
	EndGlobalSection
	GlobalSection(SolutionProperties) = preSolution
		HideSolutionNode = FALSE
	EndGlobalSection
	GlobalSection(ExtensibilityGlobals) = postSolution
		SolutionGuid = {2C1AF802-5144-47C4-956E-D3C29F86F000}
	EndGlobalSection
EndGlobal
