
Microsoft Visual Studio Solution File, Format Version 12.00
# Visual Studio 2017
Project("{FAE04EC0-301F-11D3-BF4B-00C04F79EFBC}") = "EasyTouchDemo", "EasyTouchDemo.csproj", "{C28F3F5A-7065-65FD-21B1-FE4C01B1CEDB}"
EndProject
Project("{FAE04EC0-301F-11D3-BF4B-00C04F79EFBC}") = "EasyTouchDemo.Editor", "EasyTouchDemo.Editor.csproj", "{35093FA8-8FBA-7EEF-B293-B0A05A2A4A18}"
EndProject
Global
	GlobalSection(SolutionConfigurationPlatforms) = preSolution
		Debug|Any CPU = Debug|Any CPU
		Release|Any CPU = Release|Any CPU
	EndGlobalSection
	GlobalSection(ProjectConfigurationPlatforms) = postSolution
		{C28F3F5A-7065-65FD-21B1-FE4C01B1CEDB}.Debug|Any CPU.ActiveCfg = Debug|Any CPU
		{C28F3F5A-7065-65FD-21B1-FE4C01B1CEDB}.Debug|Any CPU.Build.0 = Debug|Any CPU
		{C28F3F5A-7065-65FD-21B1-FE4C01B1CEDB}.Release|Any CPU.ActiveCfg = Release|Any CPU
		{C28F3F5A-7065-65FD-21B1-FE4C01B1CEDB}.Release|Any CPU.Build.0 = Release|Any CPU
		{35093FA8-8FBA-7EEF-B293-B0A05A2A4A18}.Debug|Any CPU.ActiveCfg = Debug|Any CPU
		{35093FA8-8FBA-7EEF-B293-B0A05A2A4A18}.Debug|Any CPU.Build.0 = Debug|Any CPU
		{35093FA8-8FBA-7EEF-B293-B0A05A2A4A18}.Release|Any CPU.ActiveCfg = Release|Any CPU
		{35093FA8-8FBA-7EEF-B293-B0A05A2A4A18}.Release|Any CPU.Build.0 = Release|Any CPU
	EndGlobalSection
	GlobalSection(SolutionProperties) = preSolution
		HideSolutionNode = FALSE
	EndGlobalSection
EndGlobal
