
Microsoft Visual Studio Solution File, Format Version 12.00
# Visual Studio 2017
Project("{FAE04EC0-301F-11D3-BF4B-00C04F79EFBC}") = "UnityConnectMySQLProject", "UnityConnectMySQLProject.csproj", "{466C7303-38FB-F110-B1F4-8DA6980DDE39}"
EndProject
Global
	GlobalSection(SolutionConfigurationPlatforms) = preSolution
		Debug|Any CPU = Debug|Any CPU
		Release|Any CPU = Release|Any CPU
	EndGlobalSection
	GlobalSection(ProjectConfigurationPlatforms) = postSolution
		{466C7303-38FB-F110-B1F4-8DA6980DDE39}.Debug|Any CPU.ActiveCfg = Debug|Any CPU
		{466C7303-38FB-F110-B1F4-8DA6980DDE39}.Debug|Any CPU.Build.0 = Debug|Any CPU
		{466C7303-38FB-F110-B1F4-8DA6980DDE39}.Release|Any CPU.ActiveCfg = Release|Any CPU
		{466C7303-38FB-F110-B1F4-8DA6980DDE39}.Release|Any CPU.Build.0 = Release|Any CPU
	EndGlobalSection
	GlobalSection(SolutionProperties) = preSolution
		HideSolutionNode = FALSE
	EndGlobalSection
EndGlobal
