
Microsoft Visual Studio Solution File, Format Version 12.00
# Visual Studio 15
VisualStudioVersion = 15.0.27428.2002
MinimumVisualStudioVersion = 10.0.40219.1
Project("{FAE04EC0-301F-11D3-BF4B-00C04F79EFBC}") = "InterfaceTest", "InterfaceTest\InterfaceTest.csproj", "{E4ACC3D2-BE5D-4CFC-97DC-8AEAA215D836}"
EndProject
Global
	GlobalSection(SolutionConfigurationPlatforms) = preSolution
		Debug|Any CPU = Debug|Any CPU
		Release|Any CPU = Release|Any CPU
	EndGlobalSection
	GlobalSection(ProjectConfigurationPlatforms) = postSolution
		{E4ACC3D2-BE5D-4CFC-97DC-8AEAA215D836}.Debug|Any CPU.ActiveCfg = Debug|Any CPU
		{E4ACC3D2-BE5D-4CFC-97DC-8AEAA215D836}.Debug|Any CPU.Build.0 = Debug|Any CPU
		{E4ACC3D2-BE5D-4CFC-97DC-8AEAA215D836}.Release|Any CPU.ActiveCfg = Release|Any CPU
		{E4ACC3D2-BE5D-4CFC-97DC-8AEAA215D836}.Release|Any CPU.Build.0 = Release|Any CPU
	EndGlobalSection
	GlobalSection(SolutionProperties) = preSolution
		HideSolutionNode = FALSE
	EndGlobalSection
	GlobalSection(ExtensibilityGlobals) = postSolution
		SolutionGuid = {9BD35D32-20FE-46E8-9D45-528BE28F50B1}
	EndGlobalSection
EndGlobal
