
Microsoft Visual Studio Solution File, Format Version 12.00
# Visual Studio 15
VisualStudioVersion = 15.0.27428.2002
MinimumVisualStudioVersion = 10.0.40219.1
Project("{FAE04EC0-301F-11D3-BF4B-00C04F79EFBC}") = "UpFileStreamTest", "UpFileStreamTest\UpFileStreamTest.csproj", "{0EACD34A-2DF5-40B4-A3FE-D9916CC4E48C}"
EndProject
Global
	GlobalSection(SolutionConfigurationPlatforms) = preSolution
		Debug|Any CPU = Debug|Any CPU
		Release|Any CPU = Release|Any CPU
	EndGlobalSection
	GlobalSection(ProjectConfigurationPlatforms) = postSolution
		{0EACD34A-2DF5-40B4-A3FE-D9916CC4E48C}.Debug|Any CPU.ActiveCfg = Debug|Any CPU
		{0EACD34A-2DF5-40B4-A3FE-D9916CC4E48C}.Debug|Any CPU.Build.0 = Debug|Any CPU
		{0EACD34A-2DF5-40B4-A3FE-D9916CC4E48C}.Release|Any CPU.ActiveCfg = Release|Any CPU
		{0EACD34A-2DF5-40B4-A3FE-D9916CC4E48C}.Release|Any CPU.Build.0 = Release|Any CPU
	EndGlobalSection
	GlobalSection(SolutionProperties) = preSolution
		HideSolutionNode = FALSE
	EndGlobalSection
	GlobalSection(ExtensibilityGlobals) = postSolution
		SolutionGuid = {B9088EF3-CCAB-4C5E-A230-4EA0F3B16E0E}
	EndGlobalSection
EndGlobal
