
Microsoft Visual Studio Solution File, Format Version 12.00
# Visual Studio 15
VisualStudioVersion = 15.0.27428.2002
MinimumVisualStudioVersion = 10.0.40219.1
Project("{FAE04EC0-301F-11D3-BF4B-00C04F79EFBC}") = "BinaryRWTest", "BinaryRWTest\BinaryRWTest.csproj", "{665832A9-32FD-40A9-A4A3-A8C75ACE57D8}"
EndProject
Global
	GlobalSection(SolutionConfigurationPlatforms) = preSolution
		Debug|Any CPU = Debug|Any CPU
		Release|Any CPU = Release|Any CPU
	EndGlobalSection
	GlobalSection(ProjectConfigurationPlatforms) = postSolution
		{665832A9-32FD-40A9-A4A3-A8C75ACE57D8}.Debug|Any CPU.ActiveCfg = Debug|Any CPU
		{665832A9-32FD-40A9-A4A3-A8C75ACE57D8}.Debug|Any CPU.Build.0 = Debug|Any CPU
		{665832A9-32FD-40A9-A4A3-A8C75ACE57D8}.Release|Any CPU.ActiveCfg = Release|Any CPU
		{665832A9-32FD-40A9-A4A3-A8C75ACE57D8}.Release|Any CPU.Build.0 = Release|Any CPU
	EndGlobalSection
	GlobalSection(SolutionProperties) = preSolution
		HideSolutionNode = FALSE
	EndGlobalSection
	GlobalSection(ExtensibilityGlobals) = postSolution
		SolutionGuid = {65322E9A-C34E-4A49-8FA3-487009DFDE1E}
	EndGlobalSection
EndGlobal
