
Microsoft Visual Studio Solution File, Format Version 12.00
# Visual Studio 15
VisualStudioVersion = 15.0.27428.2002
MinimumVisualStudioVersion = 10.0.40219.1
Project("{FAE04EC0-301F-11D3-BF4B-00C04F79EFBC}") = "WpfAwait", "WpfAwait\WpfAwait.csproj", "{CE69A7FC-EDA5-4E1F-8F28-2F2DECECB307}"
EndProject
Global
	GlobalSection(SolutionConfigurationPlatforms) = preSolution
		Debug|Any CPU = Debug|Any CPU
		Release|Any CPU = Release|Any CPU
	EndGlobalSection
	GlobalSection(ProjectConfigurationPlatforms) = postSolution
		{CE69A7FC-EDA5-4E1F-8F28-2F2DECECB307}.Debug|Any CPU.ActiveCfg = Debug|Any CPU
		{CE69A7FC-EDA5-4E1F-8F28-2F2DECECB307}.Debug|Any CPU.Build.0 = Debug|Any CPU
		{CE69A7FC-EDA5-4E1F-8F28-2F2DECECB307}.Release|Any CPU.ActiveCfg = Release|Any CPU
		{CE69A7FC-EDA5-4E1F-8F28-2F2DECECB307}.Release|Any CPU.Build.0 = Release|Any CPU
	EndGlobalSection
	GlobalSection(SolutionProperties) = preSolution
		HideSolutionNode = FALSE
	EndGlobalSection
	GlobalSection(ExtensibilityGlobals) = postSolution
		SolutionGuid = {A43DED1A-1049-4F63-9167-2D049C730840}
	EndGlobalSection
EndGlobal
