
Microsoft Visual Studio Solution File, Format Version 12.00
# Visual Studio 15
VisualStudioVersion = 15.0.27428.2002
MinimumVisualStudioVersion = 10.0.40219.1
Project("{FAE04EC0-301F-11D3-BF4B-00C04F79EFBC}") = "MessagePump", "MessagePump\MessagePump.csproj", "{2E915E71-83D2-412E-BA15-3431C99A37C0}"
EndProject
Global
	GlobalSection(SolutionConfigurationPlatforms) = preSolution
		Debug|Any CPU = Debug|Any CPU
		Release|Any CPU = Release|Any CPU
	EndGlobalSection
	GlobalSection(ProjectConfigurationPlatforms) = postSolution
		{2E915E71-83D2-412E-BA15-3431C99A37C0}.Debug|Any CPU.ActiveCfg = Debug|Any CPU
		{2E915E71-83D2-412E-BA15-3431C99A37C0}.Debug|Any CPU.Build.0 = Debug|Any CPU
		{2E915E71-83D2-412E-BA15-3431C99A37C0}.Release|Any CPU.ActiveCfg = Release|Any CPU
		{2E915E71-83D2-412E-BA15-3431C99A37C0}.Release|Any CPU.Build.0 = Release|Any CPU
	EndGlobalSection
	GlobalSection(SolutionProperties) = preSolution
		HideSolutionNode = FALSE
	EndGlobalSection
	GlobalSection(ExtensibilityGlobals) = postSolution
		SolutionGuid = {785B130E-DD02-4AEF-A7FD-B154FC3696D5}
	EndGlobalSection
EndGlobal
