
Microsoft Visual Studio Solution File, Format Version 12.00
# Visual Studio 15
VisualStudioVersion = 15.0.27428.2002
MinimumVisualStudioVersion = 10.0.40219.1
Project("{FAE04EC0-301F-11D3-BF4B-00C04F79EFBC}") = "AttributeLearn", "AttributeLearn\AttributeLearn.csproj", "{D8D6ECF7-CA54-4133-8632-ED9DEECB50D2}"
EndProject
Global
	GlobalSection(SolutionConfigurationPlatforms) = preSolution
		Debug|Any CPU = Debug|Any CPU
		Release|Any CPU = Release|Any CPU
	EndGlobalSection
	GlobalSection(ProjectConfigurationPlatforms) = postSolution
		{D8D6ECF7-CA54-4133-8632-ED9DEECB50D2}.Debug|Any CPU.ActiveCfg = Debug|Any CPU
		{D8D6ECF7-CA54-4133-8632-ED9DEECB50D2}.Debug|Any CPU.Build.0 = Debug|Any CPU
		{D8D6ECF7-CA54-4133-8632-ED9DEECB50D2}.Release|Any CPU.ActiveCfg = Release|Any CPU
		{D8D6ECF7-CA54-4133-8632-ED9DEECB50D2}.Release|Any CPU.Build.0 = Release|Any CPU
	EndGlobalSection
	GlobalSection(SolutionProperties) = preSolution
		HideSolutionNode = FALSE
	EndGlobalSection
	GlobalSection(ExtensibilityGlobals) = postSolution
		SolutionGuid = {8E190164-6093-4C2B-A1E0-FBE765BAFEE7}
	EndGlobalSection
EndGlobal
