
Microsoft Visual Studio Solution File, Format Version 12.00
# Visual Studio 15
VisualStudioVersion = 15.0.27004.2010
MinimumVisualStudioVersion = 10.0.40219.1
Project("{FAE04EC0-301F-11D3-BF4B-00C04F79EFBC}") = "FileInfoTest", "FileInfoTest\FileInfoTest.csproj", "{A3C7FA0D-44AE-44A0-A87C-FA67B9358BBA}"
EndProject
Global
	GlobalSection(SolutionConfigurationPlatforms) = preSolution
		Debug|Any CPU = Debug|Any CPU
		Release|Any CPU = Release|Any CPU
	EndGlobalSection
	GlobalSection(ProjectConfigurationPlatforms) = postSolution
		{A3C7FA0D-44AE-44A0-A87C-FA67B9358BBA}.Debug|Any CPU.ActiveCfg = Debug|Any CPU
		{A3C7FA0D-44AE-44A0-A87C-FA67B9358BBA}.Debug|Any CPU.Build.0 = Debug|Any CPU
		{A3C7FA0D-44AE-44A0-A87C-FA67B9358BBA}.Release|Any CPU.ActiveCfg = Release|Any CPU
		{A3C7FA0D-44AE-44A0-A87C-FA67B9358BBA}.Release|Any CPU.Build.0 = Release|Any CPU
	EndGlobalSection
	GlobalSection(SolutionProperties) = preSolution
		HideSolutionNode = FALSE
	EndGlobalSection
	GlobalSection(ExtensibilityGlobals) = postSolution
		SolutionGuid = {BB538821-7BEE-4E21-8DB7-F86A5F843D77}
	EndGlobalSection
EndGlobal
