
Microsoft Visual Studio Solution File, Format Version 12.00
# Visual Studio 15
VisualStudioVersion = 15.0.27004.2010
MinimumVisualStudioVersion = 10.0.40219.1
Project("{FAE04EC0-301F-11D3-BF4B-00C04F79EFBC}") = "ConnectMySQLDemo", "ConnectMySQLDemo\ConnectMySQLDemo.csproj", "{6E1AF4E4-1F58-4E1A-AF8A-3F845014EE0A}"
EndProject
Global
	GlobalSection(SolutionConfigurationPlatforms) = preSolution
		Debug|Any CPU = Debug|Any CPU
		Release|Any CPU = Release|Any CPU
	EndGlobalSection
	GlobalSection(ProjectConfigurationPlatforms) = postSolution
		{6E1AF4E4-1F58-4E1A-AF8A-3F845014EE0A}.Debug|Any CPU.ActiveCfg = Debug|Any CPU
		{6E1AF4E4-1F58-4E1A-AF8A-3F845014EE0A}.Debug|Any CPU.Build.0 = Debug|Any CPU
		{6E1AF4E4-1F58-4E1A-AF8A-3F845014EE0A}.Release|Any CPU.ActiveCfg = Release|Any CPU
		{6E1AF4E4-1F58-4E1A-AF8A-3F845014EE0A}.Release|Any CPU.Build.0 = Release|Any CPU
	EndGlobalSection
	GlobalSection(SolutionProperties) = preSolution
		HideSolutionNode = FALSE
	EndGlobalSection
	GlobalSection(ExtensibilityGlobals) = postSolution
		SolutionGuid = {18285BD5-D5FF-46F3-9AE4-2F1037A01298}
	EndGlobalSection
EndGlobal
