
Microsoft Visual Studio Solution File, Format Version 12.00
# Visual Studio 15
VisualStudioVersion = 15.0.27428.2002
MinimumVisualStudioVersion = 10.0.40219.1
Project("{FAE04EC0-301F-11D3-BF4B-00C04F79EFBC}") = "IFormatProviderTest", "IFormatProviderTest\IFormatProviderTest.csproj", "{9E417394-DE65-4CA6-BBA5-D68150849296}"
EndProject
Global
	GlobalSection(SolutionConfigurationPlatforms) = preSolution
		Debug|Any CPU = Debug|Any CPU
		Release|Any CPU = Release|Any CPU
	EndGlobalSection
	GlobalSection(ProjectConfigurationPlatforms) = postSolution
		{9E417394-DE65-4CA6-BBA5-D68150849296}.Debug|Any CPU.ActiveCfg = Debug|Any CPU
		{9E417394-DE65-4CA6-BBA5-D68150849296}.Debug|Any CPU.Build.0 = Debug|Any CPU
		{9E417394-DE65-4CA6-BBA5-D68150849296}.Release|Any CPU.ActiveCfg = Release|Any CPU
		{9E417394-DE65-4CA6-BBA5-D68150849296}.Release|Any CPU.Build.0 = Release|Any CPU
	EndGlobalSection
	GlobalSection(SolutionProperties) = preSolution
		HideSolutionNode = FALSE
	EndGlobalSection
	GlobalSection(ExtensibilityGlobals) = postSolution
		SolutionGuid = {C5FEAE08-BF8D-4347-8A27-851F66C7D999}
	EndGlobalSection
EndGlobal
