
Microsoft Visual Studio Solution File, Format Version 12.00
# Visual Studio 15
VisualStudioVersion = 15.0.27428.2002
MinimumVisualStudioVersion = 10.0.40219.1
Project("{FAE04EC0-301F-11D3-BF4B-00C04F79EFBC}") = "Environment", "Environment\Environment.csproj", "{2AACFC50-5ACE-4FE2-AB87-69316C603877}"
EndProject
Global
	GlobalSection(SolutionConfigurationPlatforms) = preSolution
		Debug|Any CPU = Debug|Any CPU
		Release|Any CPU = Release|Any CPU
	EndGlobalSection
	GlobalSection(ProjectConfigurationPlatforms) = postSolution
		{2AACFC50-5ACE-4FE2-AB87-69316C603877}.Debug|Any CPU.ActiveCfg = Debug|Any CPU
		{2AACFC50-5ACE-4FE2-AB87-69316C603877}.Debug|Any CPU.Build.0 = Debug|Any CPU
		{2AACFC50-5ACE-4FE2-AB87-69316C603877}.Release|Any CPU.ActiveCfg = Release|Any CPU
		{2AACFC50-5ACE-4FE2-AB87-69316C603877}.Release|Any CPU.Build.0 = Release|Any CPU
	EndGlobalSection
	GlobalSection(SolutionProperties) = preSolution
		HideSolutionNode = FALSE
	EndGlobalSection
	GlobalSection(ExtensibilityGlobals) = postSolution
		SolutionGuid = {4F118997-9D76-4E54-B073-D6C64B8F4078}
	EndGlobalSection
EndGlobal
