
Microsoft Visual Studio Solution File, Format Version 12.00
# Visual Studio 15
VisualStudioVersion = 15.0.27428.2002
MinimumVisualStudioVersion = 10.0.40219.1
Project("{FAE04EC0-301F-11D3-BF4B-00C04F79EFBC}") = "LogDemo1", "LogDemo1\LogDemo1.csproj", "{540A89E3-6410-47A8-9306-8F93F10ECABB}"
EndProject
Global
	GlobalSection(SolutionConfigurationPlatforms) = preSolution
		Debug|Any CPU = Debug|Any CPU
		Release|Any CPU = Release|Any CPU
	EndGlobalSection
	GlobalSection(ProjectConfigurationPlatforms) = postSolution
		{540A89E3-6410-47A8-9306-8F93F10ECABB}.Debug|Any CPU.ActiveCfg = Debug|Any CPU
		{540A89E3-6410-47A8-9306-8F93F10ECABB}.Debug|Any CPU.Build.0 = Debug|Any CPU
		{540A89E3-6410-47A8-9306-8F93F10ECABB}.Release|Any CPU.ActiveCfg = Release|Any CPU
		{540A89E3-6410-47A8-9306-8F93F10ECABB}.Release|Any CPU.Build.0 = Release|Any CPU
	EndGlobalSection
	GlobalSection(SolutionProperties) = preSolution
		HideSolutionNode = FALSE
	EndGlobalSection
	GlobalSection(ExtensibilityGlobals) = postSolution
		SolutionGuid = {D7E705E2-6FD6-4C48-8F22-A264B3BD3C51}
	EndGlobalSection
EndGlobal
