
Microsoft Visual Studio Solution File, Format Version 12.00
# Visual Studio 15
VisualStudioVersion = 15.0.27428.2002
MinimumVisualStudioVersion = 10.0.40219.1
Project("{FAE04EC0-301F-11D3-BF4B-00C04F79EFBC}") = "DirectoryTest", "DirectoryTest\DirectoryTest.csproj", "{BC878E81-C63D-4CF5-AAAA-0FEED1D830F0}"
EndProject
Global
	GlobalSection(SolutionConfigurationPlatforms) = preSolution
		Debug|Any CPU = Debug|Any CPU
		Release|Any CPU = Release|Any CPU
	EndGlobalSection
	GlobalSection(ProjectConfigurationPlatforms) = postSolution
		{BC878E81-C63D-4CF5-AAAA-0FEED1D830F0}.Debug|Any CPU.ActiveCfg = Debug|Any CPU
		{BC878E81-C63D-4CF5-AAAA-0FEED1D830F0}.Debug|Any CPU.Build.0 = Debug|Any CPU
		{BC878E81-C63D-4CF5-AAAA-0FEED1D830F0}.Release|Any CPU.ActiveCfg = Release|Any CPU
		{BC878E81-C63D-4CF5-AAAA-0FEED1D830F0}.Release|Any CPU.Build.0 = Release|Any CPU
	EndGlobalSection
	GlobalSection(SolutionProperties) = preSolution
		HideSolutionNode = FALSE
	EndGlobalSection
	GlobalSection(ExtensibilityGlobals) = postSolution
		SolutionGuid = {B1916C28-C73A-483B-BA61-F3784AB9576E}
	EndGlobalSection
EndGlobal
