
Microsoft Visual Studio Solution File, Format Version 12.00
# Visual Studio 15
VisualStudioVersion = 15.0.27428.2002
MinimumVisualStudioVersion = 10.0.40219.1
Project("{FAE04EC0-301F-11D3-BF4B-00C04F79EFBC}") = "StopwatchTest", "StopwatchTest\StopwatchTest.csproj", "{EA1745C2-4FF1-4EB8-AEA0-DFA88C33DF85}"
EndProject
Global
	GlobalSection(SolutionConfigurationPlatforms) = preSolution
		Debug|Any CPU = Debug|Any CPU
		Release|Any CPU = Release|Any CPU
	EndGlobalSection
	GlobalSection(ProjectConfigurationPlatforms) = postSolution
		{EA1745C2-4FF1-4EB8-AEA0-DFA88C33DF85}.Debug|Any CPU.ActiveCfg = Debug|Any CPU
		{EA1745C2-4FF1-4EB8-AEA0-DFA88C33DF85}.Debug|Any CPU.Build.0 = Debug|Any CPU
		{EA1745C2-4FF1-4EB8-AEA0-DFA88C33DF85}.Release|Any CPU.ActiveCfg = Release|Any CPU
		{EA1745C2-4FF1-4EB8-AEA0-DFA88C33DF85}.Release|Any CPU.Build.0 = Release|Any CPU
	EndGlobalSection
	GlobalSection(SolutionProperties) = preSolution
		HideSolutionNode = FALSE
	EndGlobalSection
	GlobalSection(ExtensibilityGlobals) = postSolution
		SolutionGuid = {4F2FB9A8-EF88-4E67-8F39-BCC1EBC510E2}
	EndGlobalSection
EndGlobal
